# This file is automatically @generated by Cargo.
# It is not intended for manual editing.
[[package]]
name = "node-ini"
version = "0.1.0"

[[package]]
name = "rspm-cli"
version = "0.1.0"
dependencies = [
 "node-ini 0.1.0",
 "rspm-config 0.1.0",
]

[[package]]
name = "rspm-config"
version = "0.1.0"
dependencies = [
 "node-ini 0.1.0",
]

